
Microsoft Visual Studio Solution File, Format Version 12.00
# Visual Studio Version 16
VisualStudioVersion = 16.0.28803.352
MinimumVisualStudioVersion = 10.0.40219.1
Project("{2150E333-8FDC-42A3-9474-1A3956D46DE8}") = "Common", "Common", "{AD710D9B-8E5A-4EF6-83BA-89CD77AFE368}"
EndProject
Project("{2150E333-8FDC-42A3-9474-1A3956D46DE8}") = "Tools", "Tools", "{3C97B9EF-AE0D-4615-8CF0-F6D8933BEF90}"
EndProject
Project("{FAE04EC0-301F-11D3-BF4B-00C04F79EFBC}") = "CommonLib", "Common\CommonLib\CommonLib.csproj", "{0F3ECC0F-E8F4-434E-AAF9-95A912F2F565}"
EndProject
Project("{FAE04EC0-301F-11D3-BF4B-00C04F79EFBC}") = "ProtobufAutoComplier", "Tools\ProtobufAutoComplier\ProtobufAutoComplier.csproj", "{E999129C-9C38-4396-8415-6DF1F1E6E853}"
EndProject
Project("{2150E333-8FDC-42A3-9474-1A3956D46DE8}") = "ThirdLibs", "ThirdLibs", "{DFA351A5-53B7-46E3-A4AE-7FC8D43227B6}"
EndProject
Project("{FAE04EC0-301F-11D3-BF4B-00C04F79EFBC}") = "ParallelExtensionsExtras", "ThirdLibs\ParallelExtensionsExtras\ParallelExtensionsExtras.csproj", "{C45218F8-09E7-4F57-85BC-5D8D2AC736A3}"
EndProject
Project("{FAE04EC0-301F-11D3-BF4B-00C04F79EFBC}") = "Utils", "ThirdLibs\Utils\Utils.csproj", "{484C2786-1F72-47AC-892A-1FAF8F85EFF5}"
EndProject
Project("{FAE04EC0-301F-11D3-BF4B-00C04F79EFBC}") = "CommonLogical", "Common\ClassLibrary1\CommonLogical.csproj", "{39FF931A-D9B7-47E3-ABD7-71C26A5B3491}"
EndProject
Project("{2150E333-8FDC-42A3-9474-1A3956D46DE8}") = "Server", "Server", "{8EFACC6C-5A26-4898-A790-FCF586F4CFE0}"
EndProject
Project("{FAE04EC0-301F-11D3-BF4B-00C04F79EFBC}") = "GameServer", "GameServer\GameServer.csproj", "{4108629E-278B-41EF-A411-3E9FF4248756}"
EndProject
Project("{FAE04EC0-301F-11D3-BF4B-00C04F79EFBC}") = "ServerBase", "GameServer\ServerBase\ServerBase.csproj", "{C62BC39F-6932-45F2-A626-4FAF7F836E6F}"
EndProject
Global
	GlobalSection(SolutionConfigurationPlatforms) = preSolution
		ClientAssertExport|Any CPU = ClientAssertExport|Any CPU
		ClientAssertExport|x64 = ClientAssertExport|x64
		Debug|Any CPU = Debug|Any CPU
		Debug|x64 = Debug|x64
		Release|Any CPU = Release|Any CPU
		Release|x64 = Release|x64
	EndGlobalSection
	GlobalSection(ProjectConfigurationPlatforms) = postSolution
		{0F3ECC0F-E8F4-434E-AAF9-95A912F2F565}.ClientAssertExport|Any CPU.ActiveCfg = Release|Any CPU
		{0F3ECC0F-E8F4-434E-AAF9-95A912F2F565}.ClientAssertExport|Any CPU.Build.0 = Release|Any CPU
		{0F3ECC0F-E8F4-434E-AAF9-95A912F2F565}.ClientAssertExport|x64.ActiveCfg = Release|Any CPU
		{0F3ECC0F-E8F4-434E-AAF9-95A912F2F565}.ClientAssertExport|x64.Build.0 = Release|Any CPU
		{0F3ECC0F-E8F4-434E-AAF9-95A912F2F565}.Debug|Any CPU.ActiveCfg = Debug|Any CPU
		{0F3ECC0F-E8F4-434E-AAF9-95A912F2F565}.Debug|Any CPU.Build.0 = Debug|Any CPU
		{0F3ECC0F-E8F4-434E-AAF9-95A912F2F565}.Debug|x64.ActiveCfg = Debug|Any CPU
		{0F3ECC0F-E8F4-434E-AAF9-95A912F2F565}.Debug|x64.Build.0 = Debug|Any CPU
		{0F3ECC0F-E8F4-434E-AAF9-95A912F2F565}.Release|Any CPU.ActiveCfg = Release|Any CPU
		{0F3ECC0F-E8F4-434E-AAF9-95A912F2F565}.Release|Any CPU.Build.0 = Release|Any CPU
		{0F3ECC0F-E8F4-434E-AAF9-95A912F2F565}.Release|x64.ActiveCfg = Release|Any CPU
		{0F3ECC0F-E8F4-434E-AAF9-95A912F2F565}.Release|x64.Build.0 = Release|Any CPU
		{E999129C-9C38-4396-8415-6DF1F1E6E853}.ClientAssertExport|Any CPU.ActiveCfg = Release|Any CPU
		{E999129C-9C38-4396-8415-6DF1F1E6E853}.ClientAssertExport|Any CPU.Build.0 = Release|Any CPU
		{E999129C-9C38-4396-8415-6DF1F1E6E853}.ClientAssertExport|x64.ActiveCfg = Release|Any CPU
		{E999129C-9C38-4396-8415-6DF1F1E6E853}.ClientAssertExport|x64.Build.0 = Release|Any CPU
		{E999129C-9C38-4396-8415-6DF1F1E6E853}.Debug|Any CPU.ActiveCfg = Debug|Any CPU
		{E999129C-9C38-4396-8415-6DF1F1E6E853}.Debug|Any CPU.Build.0 = Debug|Any CPU
		{E999129C-9C38-4396-8415-6DF1F1E6E853}.Debug|x64.ActiveCfg = Debug|Any CPU
		{E999129C-9C38-4396-8415-6DF1F1E6E853}.Debug|x64.Build.0 = Debug|Any CPU
		{E999129C-9C38-4396-8415-6DF1F1E6E853}.Release|Any CPU.ActiveCfg = Release|Any CPU
		{E999129C-9C38-4396-8415-6DF1F1E6E853}.Release|Any CPU.Build.0 = Release|Any CPU
		{E999129C-9C38-4396-8415-6DF1F1E6E853}.Release|x64.ActiveCfg = Release|Any CPU
		{E999129C-9C38-4396-8415-6DF1F1E6E853}.Release|x64.Build.0 = Release|Any CPU
		{C45218F8-09E7-4F57-85BC-5D8D2AC736A3}.ClientAssertExport|Any CPU.ActiveCfg = Release|Any CPU
		{C45218F8-09E7-4F57-85BC-5D8D2AC736A3}.ClientAssertExport|Any CPU.Build.0 = Release|Any CPU
		{C45218F8-09E7-4F57-85BC-5D8D2AC736A3}.ClientAssertExport|x64.ActiveCfg = Release|x64
		{C45218F8-09E7-4F57-85BC-5D8D2AC736A3}.ClientAssertExport|x64.Build.0 = Release|x64
		{C45218F8-09E7-4F57-85BC-5D8D2AC736A3}.Debug|Any CPU.ActiveCfg = Debug|Any CPU
		{C45218F8-09E7-4F57-85BC-5D8D2AC736A3}.Debug|Any CPU.Build.0 = Debug|Any CPU
		{C45218F8-09E7-4F57-85BC-5D8D2AC736A3}.Debug|x64.ActiveCfg = Debug|x64
		{C45218F8-09E7-4F57-85BC-5D8D2AC736A3}.Debug|x64.Build.0 = Debug|x64
		{C45218F8-09E7-4F57-85BC-5D8D2AC736A3}.Release|Any CPU.ActiveCfg = Release|Any CPU
		{C45218F8-09E7-4F57-85BC-5D8D2AC736A3}.Release|Any CPU.Build.0 = Release|Any CPU
		{C45218F8-09E7-4F57-85BC-5D8D2AC736A3}.Release|x64.ActiveCfg = Release|x64
		{C45218F8-09E7-4F57-85BC-5D8D2AC736A3}.Release|x64.Build.0 = Release|x64
		{484C2786-1F72-47AC-892A-1FAF8F85EFF5}.ClientAssertExport|Any CPU.ActiveCfg = ClientAssertExport|Any CPU
		{484C2786-1F72-47AC-892A-1FAF8F85EFF5}.ClientAssertExport|Any CPU.Build.0 = ClientAssertExport|Any CPU
		{484C2786-1F72-47AC-892A-1FAF8F85EFF5}.ClientAssertExport|x64.ActiveCfg = ClientAssertExport|x64
		{484C2786-1F72-47AC-892A-1FAF8F85EFF5}.ClientAssertExport|x64.Build.0 = ClientAssertExport|x64
		{484C2786-1F72-47AC-892A-1FAF8F85EFF5}.Debug|Any CPU.ActiveCfg = Debug|Any CPU
		{484C2786-1F72-47AC-892A-1FAF8F85EFF5}.Debug|Any CPU.Build.0 = Debug|Any CPU
		{484C2786-1F72-47AC-892A-1FAF8F85EFF5}.Debug|x64.ActiveCfg = Debug|x64
		{484C2786-1F72-47AC-892A-1FAF8F85EFF5}.Debug|x64.Build.0 = Debug|x64
		{484C2786-1F72-47AC-892A-1FAF8F85EFF5}.Release|Any CPU.ActiveCfg = Release|Any CPU
		{484C2786-1F72-47AC-892A-1FAF8F85EFF5}.Release|Any CPU.Build.0 = Release|Any CPU
		{484C2786-1F72-47AC-892A-1FAF8F85EFF5}.Release|x64.ActiveCfg = Release|x64
		{484C2786-1F72-47AC-892A-1FAF8F85EFF5}.Release|x64.Build.0 = Release|x64
		{39FF931A-D9B7-47E3-ABD7-71C26A5B3491}.ClientAssertExport|Any CPU.ActiveCfg = Release|Any CPU
		{39FF931A-D9B7-47E3-ABD7-71C26A5B3491}.ClientAssertExport|Any CPU.Build.0 = Release|Any CPU
		{39FF931A-D9B7-47E3-ABD7-71C26A5B3491}.ClientAssertExport|x64.ActiveCfg = Release|Any CPU
		{39FF931A-D9B7-47E3-ABD7-71C26A5B3491}.ClientAssertExport|x64.Build.0 = Release|Any CPU
		{39FF931A-D9B7-47E3-ABD7-71C26A5B3491}.Debug|Any CPU.ActiveCfg = Debug|Any CPU
		{39FF931A-D9B7-47E3-ABD7-71C26A5B3491}.Debug|Any CPU.Build.0 = Debug|Any CPU
		{39FF931A-D9B7-47E3-ABD7-71C26A5B3491}.Debug|x64.ActiveCfg = Debug|Any CPU
		{39FF931A-D9B7-47E3-ABD7-71C26A5B3491}.Debug|x64.Build.0 = Debug|Any CPU
		{39FF931A-D9B7-47E3-ABD7-71C26A5B3491}.Release|Any CPU.ActiveCfg = Release|Any CPU
		{39FF931A-D9B7-47E3-ABD7-71C26A5B3491}.Release|Any CPU.Build.0 = Release|Any CPU
		{39FF931A-D9B7-47E3-ABD7-71C26A5B3491}.Release|x64.ActiveCfg = Release|Any CPU
		{39FF931A-D9B7-47E3-ABD7-71C26A5B3491}.Release|x64.Build.0 = Release|Any CPU
		{4108629E-278B-41EF-A411-3E9FF4248756}.ClientAssertExport|Any CPU.ActiveCfg = Release|Any CPU
		{4108629E-278B-41EF-A411-3E9FF4248756}.ClientAssertExport|Any CPU.Build.0 = Release|Any CPU
		{4108629E-278B-41EF-A411-3E9FF4248756}.ClientAssertExport|x64.ActiveCfg = Release|Any CPU
		{4108629E-278B-41EF-A411-3E9FF4248756}.ClientAssertExport|x64.Build.0 = Release|Any CPU
		{4108629E-278B-41EF-A411-3E9FF4248756}.Debug|Any CPU.ActiveCfg = Debug|Any CPU
		{4108629E-278B-41EF-A411-3E9FF4248756}.Debug|Any CPU.Build.0 = Debug|Any CPU
		{4108629E-278B-41EF-A411-3E9FF4248756}.Debug|x64.ActiveCfg = Debug|Any CPU
		{4108629E-278B-41EF-A411-3E9FF4248756}.Debug|x64.Build.0 = Debug|Any CPU
		{4108629E-278B-41EF-A411-3E9FF4248756}.Release|Any CPU.ActiveCfg = Release|Any CPU
		{4108629E-278B-41EF-A411-3E9FF4248756}.Release|Any CPU.Build.0 = Release|Any CPU
		{4108629E-278B-41EF-A411-3E9FF4248756}.Release|x64.ActiveCfg = Release|Any CPU
		{4108629E-278B-41EF-A411-3E9FF4248756}.Release|x64.Build.0 = Release|Any CPU
		{C62BC39F-6932-45F2-A626-4FAF7F836E6F}.ClientAssertExport|Any CPU.ActiveCfg = Release|Any CPU
		{C62BC39F-6932-45F2-A626-4FAF7F836E6F}.ClientAssertExport|Any CPU.Build.0 = Release|Any CPU
		{C62BC39F-6932-45F2-A626-4FAF7F836E6F}.ClientAssertExport|x64.ActiveCfg = Release|Any CPU
		{C62BC39F-6932-45F2-A626-4FAF7F836E6F}.ClientAssertExport|x64.Build.0 = Release|Any CPU
		{C62BC39F-6932-45F2-A626-4FAF7F836E6F}.Debug|Any CPU.ActiveCfg = Debug|Any CPU
		{C62BC39F-6932-45F2-A626-4FAF7F836E6F}.Debug|Any CPU.Build.0 = Debug|Any CPU
		{C62BC39F-6932-45F2-A626-4FAF7F836E6F}.Debug|x64.ActiveCfg = Debug|Any CPU
		{C62BC39F-6932-45F2-A626-4FAF7F836E6F}.Debug|x64.Build.0 = Debug|Any CPU
		{C62BC39F-6932-45F2-A626-4FAF7F836E6F}.Release|Any CPU.ActiveCfg = Release|Any CPU
		{C62BC39F-6932-45F2-A626-4FAF7F836E6F}.Release|Any CPU.Build.0 = Release|Any CPU
		{C62BC39F-6932-45F2-A626-4FAF7F836E6F}.Release|x64.ActiveCfg = Release|Any CPU
		{C62BC39F-6932-45F2-A626-4FAF7F836E6F}.Release|x64.Build.0 = Release|Any CPU
	EndGlobalSection
	GlobalSection(SolutionProperties) = preSolution
		HideSolutionNode = FALSE
	EndGlobalSection
	GlobalSection(NestedProjects) = preSolution
		{0F3ECC0F-E8F4-434E-AAF9-95A912F2F565} = {AD710D9B-8E5A-4EF6-83BA-89CD77AFE368}
		{E999129C-9C38-4396-8415-6DF1F1E6E853} = {3C97B9EF-AE0D-4615-8CF0-F6D8933BEF90}
		{C45218F8-09E7-4F57-85BC-5D8D2AC736A3} = {DFA351A5-53B7-46E3-A4AE-7FC8D43227B6}
		{484C2786-1F72-47AC-892A-1FAF8F85EFF5} = {DFA351A5-53B7-46E3-A4AE-7FC8D43227B6}
		{39FF931A-D9B7-47E3-ABD7-71C26A5B3491} = {AD710D9B-8E5A-4EF6-83BA-89CD77AFE368}
		{4108629E-278B-41EF-A411-3E9FF4248756} = {8EFACC6C-5A26-4898-A790-FCF586F4CFE0}
		{C62BC39F-6932-45F2-A626-4FAF7F836E6F} = {8EFACC6C-5A26-4898-A790-FCF586F4CFE0}
	EndGlobalSection
	GlobalSection(ExtensibilityGlobals) = postSolution
		SolutionGuid = {86F2BC2F-A368-400C-983E-2C998FE3E2FD}
	EndGlobalSection
EndGlobal
