
Microsoft Visual Studio Solution File, Format Version 12.00
# Visual Studio 15
VisualStudioVersion = 15.0.28307.106
MinimumVisualStudioVersion = 10.0.40219.1
Project("{9A19103F-16F7-4668-BE54-9A1E7A4F7556}") = "ProtobufComplier", "ProtobufComplier.csproj", "{822EC924-28AE-4A9F-B766-3FBC2CE46859}"
EndProject
Global
	GlobalSection(SolutionConfigurationPlatforms) = preSolution
		Debug|Any CPU = Debug|Any CPU
		Release|Any CPU = Release|Any CPU
	EndGlobalSection
	GlobalSection(ProjectConfigurationPlatforms) = postSolution
		{822EC924-28AE-4A9F-B766-3FBC2CE46859}.Debug|Any CPU.ActiveCfg = Debug|Any CPU
		{822EC924-28AE-4A9F-B766-3FBC2CE46859}.Debug|Any CPU.Build.0 = Debug|Any CPU
		{822EC924-28AE-4A9F-B766-3FBC2CE46859}.Release|Any CPU.ActiveCfg = Release|Any CPU
		{822EC924-28AE-4A9F-B766-3FBC2CE46859}.Release|Any CPU.Build.0 = Release|Any CPU
	EndGlobalSection
	GlobalSection(SolutionProperties) = preSolution
		HideSolutionNode = FALSE
	EndGlobalSection
	GlobalSection(ExtensibilityGlobals) = postSolution
		SolutionGuid = {D5EFD08B-6530-4879-B924-9D3E51D6B83D}
	EndGlobalSection
EndGlobal
